
Microsoft Visual Studio Solution File, Format Version 12.00
# Visual Studio Version 17
VisualStudioVersion = 17.14.36414.22
MinimumVisualStudioVersion = 10.0.40219.1
Project("{FAE04EC0-301F-11D3-BF4B-00C04F79EFBC}") = "SimpleHmiModBus", "TestModBus\SimpleHmiModBus.csproj", "{B789EA4E-EE3A-783E-2E80-1DF1CE394CFE}"
EndProject
Project("{FAE04EC0-301F-11D3-BF4B-00C04F79EFBC}") = "PlcService", "PlcService\PlcService.csproj", "{E9DB6574-499A-824A-5C19-D9DF83795E3D}"
EndProject
Project("{FAE04EC0-301F-11D3-BF4B-00C04F79EFBC}") = "NModbus4", "NModbus4\NModbus4.csproj", "{BFC93E9E-7DF1-DE76-A516-6A8B8191BBCE}"
EndProject
Global
	GlobalSection(SolutionConfigurationPlatforms) = preSolution
		Debug|Any CPU = Debug|Any CPU
		Release|Any CPU = Release|Any CPU
	EndGlobalSection
	GlobalSection(ProjectConfigurationPlatforms) = postSolution
		{B789EA4E-EE3A-783E-2E80-1DF1CE394CFE}.Debug|Any CPU.ActiveCfg = Debug|Any CPU
		{B789EA4E-EE3A-783E-2E80-1DF1CE394CFE}.Debug|Any CPU.Build.0 = Debug|Any CPU
		{B789EA4E-EE3A-783E-2E80-1DF1CE394CFE}.Release|Any CPU.ActiveCfg = Release|Any CPU
		{B789EA4E-EE3A-783E-2E80-1DF1CE394CFE}.Release|Any CPU.Build.0 = Release|Any CPU
		{E9DB6574-499A-824A-5C19-D9DF83795E3D}.Debug|Any CPU.ActiveCfg = Debug|Any CPU
		{E9DB6574-499A-824A-5C19-D9DF83795E3D}.Debug|Any CPU.Build.0 = Debug|Any CPU
		{E9DB6574-499A-824A-5C19-D9DF83795E3D}.Release|Any CPU.ActiveCfg = Release|Any CPU
		{E9DB6574-499A-824A-5C19-D9DF83795E3D}.Release|Any CPU.Build.0 = Release|Any CPU
		{BFC93E9E-7DF1-DE76-A516-6A8B8191BBCE}.Debug|Any CPU.ActiveCfg = Debug|Any CPU
		{BFC93E9E-7DF1-DE76-A516-6A8B8191BBCE}.Debug|Any CPU.Build.0 = Debug|Any CPU
		{BFC93E9E-7DF1-DE76-A516-6A8B8191BBCE}.Release|Any CPU.ActiveCfg = Release|Any CPU
		{BFC93E9E-7DF1-DE76-A516-6A8B8191BBCE}.Release|Any CPU.Build.0 = Release|Any CPU
	EndGlobalSection
	GlobalSection(SolutionProperties) = preSolution
		HideSolutionNode = FALSE
	EndGlobalSection
	GlobalSection(ExtensibilityGlobals) = postSolution
		SolutionGuid = {4FEC4F6C-CD0D-4EDB-99CB-71B98AA32105}
	EndGlobalSection
EndGlobal
